
Microsoft Visual Studio Solution File, Format Version 12.00
# Visual Studio 15
Project("{FAE04EC0-301F-11D3-BF4B-00C04F79EFBC}") = "Assembly-CSharp", "Assembly-CSharp.csproj", "{5AB71F6E-3B5A-D982-3876-14C3682AB42E}"
EndProject
Project("{FAE04EC0-301F-11D3-BF4B-00C04F79EFBC}") = "Unity.2D.Tilemap.Extras", "Unity.2D.Tilemap.Extras.csproj", "{6DA45B8D-57D1-23E9-0EB0-AC0F43B9DC8A}"
EndProject
Project("{FAE04EC0-301F-11D3-BF4B-00C04F79EFBC}") = "Unity.2D.Tilemap.Extras.Editor", "Unity.2D.Tilemap.Extras.Editor.csproj", "{D54F076C-0591-28E6-1591-EB0FB22FF1F6}"
EndProject
Global
	GlobalSection(SolutionConfigurationPlatforms) = preSolution
		Debug|Any CPU = Debug|Any CPU
		Release|Any CPU = Release|Any CPU
	EndGlobalSection
	GlobalSection(ProjectConfigurationPlatforms) = postSolution
		{5AB71F6E-3B5A-D982-3876-14C3682AB42E}.Debug|Any CPU.ActiveCfg = Debug|Any CPU
		{5AB71F6E-3B5A-D982-3876-14C3682AB42E}.Debug|Any CPU.Build.0 = Debug|Any CPU
		{5AB71F6E-3B5A-D982-3876-14C3682AB42E}.Release|Any CPU.ActiveCfg = Release|Any CPU
		{5AB71F6E-3B5A-D982-3876-14C3682AB42E}.Release|Any CPU.Build.0 = Release|Any CPU
		{6DA45B8D-57D1-23E9-0EB0-AC0F43B9DC8A}.Debug|Any CPU.ActiveCfg = Debug|Any CPU
		{6DA45B8D-57D1-23E9-0EB0-AC0F43B9DC8A}.Debug|Any CPU.Build.0 = Debug|Any CPU
		{6DA45B8D-57D1-23E9-0EB0-AC0F43B9DC8A}.Release|Any CPU.ActiveCfg = Release|Any CPU
		{6DA45B8D-57D1-23E9-0EB0-AC0F43B9DC8A}.Release|Any CPU.Build.0 = Release|Any CPU
		{D54F076C-0591-28E6-1591-EB0FB22FF1F6}.Debug|Any CPU.ActiveCfg = Debug|Any CPU
		{D54F076C-0591-28E6-1591-EB0FB22FF1F6}.Debug|Any CPU.Build.0 = Debug|Any CPU
		{D54F076C-0591-28E6-1591-EB0FB22FF1F6}.Release|Any CPU.ActiveCfg = Release|Any CPU
		{D54F076C-0591-28E6-1591-EB0FB22FF1F6}.Release|Any CPU.Build.0 = Release|Any CPU
	EndGlobalSection
	GlobalSection(SolutionProperties) = preSolution
		HideSolutionNode = FALSE
	EndGlobalSection
EndGlobal
